
Microsoft Visual Studio Solution File, Format Version 12.00
# Visual Studio Version 16
VisualStudioVersion = 16.0.31313.79
MinimumVisualStudioVersion = 10.0.40219.1
Project("{FAE04EC0-301F-11D3-BF4B-00C04F79EFBC}") = "StudentManagement2", "StudentManagement2\StudentManagement2.csproj", "{7E4D7319-4F7C-48B4-B974-6D6BB3321F3E}"
EndProject
Global
	GlobalSection(SolutionConfigurationPlatforms) = preSolution
		Debug|Any CPU = Debug|Any CPU
		Release|Any CPU = Release|Any CPU
	EndGlobalSection
	GlobalSection(ProjectConfigurationPlatforms) = postSolution
		{7E4D7319-4F7C-48B4-B974-6D6BB3321F3E}.Debug|Any CPU.ActiveCfg = Debug|Any CPU
		{7E4D7319-4F7C-48B4-B974-6D6BB3321F3E}.Debug|Any CPU.Build.0 = Debug|Any CPU
		{7E4D7319-4F7C-48B4-B974-6D6BB3321F3E}.Release|Any CPU.ActiveCfg = Release|Any CPU
		{7E4D7319-4F7C-48B4-B974-6D6BB3321F3E}.Release|Any CPU.Build.0 = Release|Any CPU
	EndGlobalSection
	GlobalSection(SolutionProperties) = preSolution
		HideSolutionNode = FALSE
	EndGlobalSection
	GlobalSection(ExtensibilityGlobals) = postSolution
		SolutionGuid = {7C3D7B96-FF90-4007-B708-E1785749CC4F}
	EndGlobalSection
EndGlobal
